
Microsoft Visual Studio Solution File, Format Version 11.00
# Visual Studio 2010
Project("{FAE04EC0-301F-11D3-BF4B-00C04F79EFBC}") = "HTTPasiakas", "HTTPasiakas\HTTPasiakas.csproj", "{9A6871A5-A437-40E6-BB36-49CBD9AFD46E}"
EndProject
Project("{FAE04EC0-301F-11D3-BF4B-00C04F79EFBC}") = "TCPpalvelin", "TCPpalvelin\TCPpalvelin.csproj", "{3AF127DB-9F91-4F10-BFFA-F200B7AEC524}"
EndProject
Project("{2150E333-8FDC-42A3-9474-1A3956D46DE8}") = "Teht1", "Teht1", "{69911A93-3199-4E80-A886-63F8CC294A0F}"
EndProject
Project("{FAE04EC0-301F-11D3-BF4B-00C04F79EFBC}") = "TCPasiakas", "HTTPasiakas2\TCPasiakas.csproj", "{04DAA3BE-005D-46CF-992E-543C701BC828}"
EndProject
Project("{2150E333-8FDC-42A3-9474-1A3956D46DE8}") = "Teht2", "Teht2", "{5801D35A-BB6B-4B6F-8959-5B9C1554A70D}"
EndProject
Project("{FAE04EC0-301F-11D3-BF4B-00C04F79EFBC}") = "SMTPAsiakas", "SMTPAsiakas\SMTPAsiakas.csproj", "{CC918BF4-7516-4720-AAE7-C2411FC3A106}"
EndProject
Project("{2150E333-8FDC-42A3-9474-1A3956D46DE8}") = "Teht3", "Teht3", "{BBA32AC4-A3AA-4A06-8362-AC783AF219D6}"
EndProject
Project("{FAE04EC0-301F-11D3-BF4B-00C04F79EFBC}") = "UDPpalvelin", "UDPpalvelin\UDPpalvelin.csproj", "{86A635D5-D523-488E-BDAD-469F76496122}"
EndProject
Project("{FAE04EC0-301F-11D3-BF4B-00C04F79EFBC}") = "UDPasiakas", "UDPasiakas\UDPasiakas.csproj", "{2FA04845-DBBC-4461-8B28-E9DACED523A0}"
EndProject
Project("{2150E333-8FDC-42A3-9474-1A3956D46DE8}") = "Teht4", "Teht4", "{9852AD88-0EED-4E62-B2B8-B10EC8B60CC8}"
EndProject
Project("{FAE04EC0-301F-11D3-BF4B-00C04F79EFBC}") = "PeliAsiakas", "PeliAsiakas\PeliAsiakas.csproj", "{6D855B56-EDE5-4D18-B91A-3ED86A96A9CE}"
EndProject
Project("{2150E333-8FDC-42A3-9474-1A3956D46DE8}") = "Teht5", "Teht5", "{7CEA38D5-BFBB-4DB5-A224-21D38C4CDA6C}"
EndProject
Project("{FAE04EC0-301F-11D3-BF4B-00C04F79EFBC}") = "PeliPalvelin", "Pelipalvelin\PeliPalvelin.csproj", "{0D5E5AFE-E7F5-4B48-AB70-312DEBE4FFE6}"
EndProject
Global
	GlobalSection(SolutionConfigurationPlatforms) = preSolution
		Debug|x86 = Debug|x86
		Release|x86 = Release|x86
	EndGlobalSection
	GlobalSection(ProjectConfigurationPlatforms) = postSolution
		{9A6871A5-A437-40E6-BB36-49CBD9AFD46E}.Debug|x86.ActiveCfg = Debug|x86
		{9A6871A5-A437-40E6-BB36-49CBD9AFD46E}.Debug|x86.Build.0 = Debug|x86
		{9A6871A5-A437-40E6-BB36-49CBD9AFD46E}.Release|x86.ActiveCfg = Release|x86
		{9A6871A5-A437-40E6-BB36-49CBD9AFD46E}.Release|x86.Build.0 = Release|x86
		{3AF127DB-9F91-4F10-BFFA-F200B7AEC524}.Debug|x86.ActiveCfg = Debug|x86
		{3AF127DB-9F91-4F10-BFFA-F200B7AEC524}.Debug|x86.Build.0 = Debug|x86
		{3AF127DB-9F91-4F10-BFFA-F200B7AEC524}.Release|x86.ActiveCfg = Release|x86
		{3AF127DB-9F91-4F10-BFFA-F200B7AEC524}.Release|x86.Build.0 = Release|x86
		{04DAA3BE-005D-46CF-992E-543C701BC828}.Debug|x86.ActiveCfg = Debug|x86
		{04DAA3BE-005D-46CF-992E-543C701BC828}.Debug|x86.Build.0 = Debug|x86
		{04DAA3BE-005D-46CF-992E-543C701BC828}.Release|x86.ActiveCfg = Release|x86
		{04DAA3BE-005D-46CF-992E-543C701BC828}.Release|x86.Build.0 = Release|x86
		{CC918BF4-7516-4720-AAE7-C2411FC3A106}.Debug|x86.ActiveCfg = Debug|x86
		{CC918BF4-7516-4720-AAE7-C2411FC3A106}.Debug|x86.Build.0 = Debug|x86
		{CC918BF4-7516-4720-AAE7-C2411FC3A106}.Release|x86.ActiveCfg = Release|x86
		{CC918BF4-7516-4720-AAE7-C2411FC3A106}.Release|x86.Build.0 = Release|x86
		{86A635D5-D523-488E-BDAD-469F76496122}.Debug|x86.ActiveCfg = Debug|x86
		{86A635D5-D523-488E-BDAD-469F76496122}.Debug|x86.Build.0 = Debug|x86
		{86A635D5-D523-488E-BDAD-469F76496122}.Release|x86.ActiveCfg = Release|x86
		{86A635D5-D523-488E-BDAD-469F76496122}.Release|x86.Build.0 = Release|x86
		{2FA04845-DBBC-4461-8B28-E9DACED523A0}.Debug|x86.ActiveCfg = Debug|x86
		{2FA04845-DBBC-4461-8B28-E9DACED523A0}.Debug|x86.Build.0 = Debug|x86
		{2FA04845-DBBC-4461-8B28-E9DACED523A0}.Release|x86.ActiveCfg = Release|x86
		{2FA04845-DBBC-4461-8B28-E9DACED523A0}.Release|x86.Build.0 = Release|x86
		{6D855B56-EDE5-4D18-B91A-3ED86A96A9CE}.Debug|x86.ActiveCfg = Debug|x86
		{6D855B56-EDE5-4D18-B91A-3ED86A96A9CE}.Debug|x86.Build.0 = Debug|x86
		{6D855B56-EDE5-4D18-B91A-3ED86A96A9CE}.Release|x86.ActiveCfg = Release|x86
		{6D855B56-EDE5-4D18-B91A-3ED86A96A9CE}.Release|x86.Build.0 = Release|x86
		{0D5E5AFE-E7F5-4B48-AB70-312DEBE4FFE6}.Debug|x86.ActiveCfg = Debug|x86
		{0D5E5AFE-E7F5-4B48-AB70-312DEBE4FFE6}.Debug|x86.Build.0 = Debug|x86
		{0D5E5AFE-E7F5-4B48-AB70-312DEBE4FFE6}.Release|x86.ActiveCfg = Release|x86
		{0D5E5AFE-E7F5-4B48-AB70-312DEBE4FFE6}.Release|x86.Build.0 = Release|x86
	EndGlobalSection
	GlobalSection(SolutionProperties) = preSolution
		HideSolutionNode = FALSE
	EndGlobalSection
	GlobalSection(NestedProjects) = preSolution
		{3AF127DB-9F91-4F10-BFFA-F200B7AEC524} = {69911A93-3199-4E80-A886-63F8CC294A0F}
		{9A6871A5-A437-40E6-BB36-49CBD9AFD46E} = {69911A93-3199-4E80-A886-63F8CC294A0F}
		{04DAA3BE-005D-46CF-992E-543C701BC828} = {69911A93-3199-4E80-A886-63F8CC294A0F}
		{CC918BF4-7516-4720-AAE7-C2411FC3A106} = {5801D35A-BB6B-4B6F-8959-5B9C1554A70D}
		{86A635D5-D523-488E-BDAD-469F76496122} = {BBA32AC4-A3AA-4A06-8362-AC783AF219D6}
		{2FA04845-DBBC-4461-8B28-E9DACED523A0} = {BBA32AC4-A3AA-4A06-8362-AC783AF219D6}
		{6D855B56-EDE5-4D18-B91A-3ED86A96A9CE} = {9852AD88-0EED-4E62-B2B8-B10EC8B60CC8}
		{0D5E5AFE-E7F5-4B48-AB70-312DEBE4FFE6} = {7CEA38D5-BFBB-4DB5-A224-21D38C4CDA6C}
	EndGlobalSection
EndGlobal
